// !$*UTF8*$!
{
	archiveVersion = 1;
	classes = {
	};
	objectVersion = 56;
	objects = {

/* Begin PBXBuildFile section */
		355176D92AA5DBA3002D6C7F /* SnapKit in Frameworks */ = {isa = PBXBuildFile; productRef = 355176D82AA5DBA3002D6C7F /* SnapKit */; };
		35778DE52AA09968000E4923 /* AppDelegate.swift in Sources */ = {isa = PBXBuildFile; fileRef = 35778DE42AA09968000E4923 /* AppDelegate.swift */; };
		35778DE72AA09968000E4923 /* SceneDelegate.swift in Sources */ = {isa = PBXBuildFile; fileRef = 35778DE62AA09968000E4923 /* SceneDelegate.swift */; };
		35778DE92AA09968000E4923 /* ViewController.swift in Sources */ = {isa = PBXBuildFile; fileRef = 35778DE82AA09968000E4923 /* ViewController.swift */; };
		35778DEC2AA09968000E4923 /* Main.storyboard in Resources */ = {isa = PBXBuildFile; fileRef = 35778DEA2AA09968000E4923 /* Main.storyboard */; };
		35778DEE2AA0996A000E4923 /* Assets.xcassets in Resources */ = {isa = PBXBuildFile; fileRef = 35778DED2AA0996A000E4923 /* Assets.xcassets */; };
		35778DF12AA0996A000E4923 /* LaunchScreen.storyboard in Resources */ = {isa = PBXBuildFile; fileRef = 35778DEF2AA0996A000E4923 /* LaunchScreen.storyboard */; };
		35778DF92AA09A6B000E4923 /* BottomSheetViewController.swift in Sources */ = {isa = PBXBuildFile; fileRef = 35778DF82AA09A6B000E4923 /* BottomSheetViewController.swift */; };
		35778DFC2AA0C15C000E4923 /* BottomSheetViewModel.swift in Sources */ = {isa = PBXBuildFile; fileRef = 35778DFB2AA0C15C000E4923 /* BottomSheetViewModel.swift */; };
		35778DFE2AA0C1B2000E4923 /* BottomSheetViewPresenter.swift in Sources */ = {isa = PBXBuildFile; fileRef = 35778DFD2AA0C1B2000E4923 /* BottomSheetViewPresenter.swift */; };
		35778E002AA0C212000E4923 /* Protocols.swift in Sources */ = {isa = PBXBuildFile; fileRef = 35778DFF2AA0C212000E4923 /* Protocols.swift */; };
		35778E032AA0C85C000E4923 /* ProductCell.swift in Sources */ = {isa = PBXBuildFile; fileRef = 35778E022AA0C85C000E4923 /* ProductCell.swift */; };
/* End PBXBuildFile section */

/* Begin PBXFileReference section */
		35778DE12AA09968000E4923 /* test.app */ = {isa = PBXFileReference; explicitFileType = wrapper.application; includeInIndex = 0; path = test.app; sourceTree = BUILT_PRODUCTS_DIR; };
		35778DE42AA09968000E4923 /* AppDelegate.swift */ = {isa = PBXFileReference; lastKnownFileType = sourcecode.swift; path = AppDelegate.swift; sourceTree = "<group>"; };
		35778DE62AA09968000E4923 /* SceneDelegate.swift */ = {isa = PBXFileReference; lastKnownFileType = sourcecode.swift; path = SceneDelegate.swift; sourceTree = "<group>"; };
		35778DE82AA09968000E4923 /* ViewController.swift */ = {isa = PBXFileReference; lastKnownFileType = sourcecode.swift; path = ViewController.swift; sourceTree = "<group>"; };
		35778DEB2AA09968000E4923 /* Base */ = {isa = PBXFileReference; lastKnownFileType = file.storyboard; name = Base; path = Base.lproj/Main.storyboard; sourceTree = "<group>"; };
		35778DED2AA0996A000E4923 /* Assets.xcassets */ = {isa = PBXFileReference; lastKnownFileType = folder.assetcatalog; path = Assets.xcassets; sourceTree = "<group>"; };
		35778DF02AA0996A000E4923 /* Base */ = {isa = PBXFileReference; lastKnownFileType = file.storyboard; name = Base; path = Base.lproj/LaunchScreen.storyboard; sourceTree = "<group>"; };
		35778DF22AA0996A000E4923 /* Info.plist */ = {isa = PBXFileReference; lastKnownFileType = text.plist.xml; path = Info.plist; sourceTree = "<group>"; };
		35778DF82AA09A6B000E4923 /* BottomSheetViewController.swift */ = {isa = PBXFileReference; fileEncoding = 4; lastKnownFileType = sourcecode.swift; path = BottomSheetViewController.swift; sourceTree = "<group>"; };
		35778DFB2AA0C15C000E4923 /* BottomSheetViewModel.swift */ = {isa = PBXFileReference; lastKnownFileType = sourcecode.swift; path = BottomSheetViewModel.swift; sourceTree = "<group>"; };
		35778DFD2AA0C1B2000E4923 /* BottomSheetViewPresenter.swift */ = {isa = PBXFileReference; lastKnownFileType = sourcecode.swift; path = BottomSheetViewPresenter.swift; sourceTree = "<group>"; };
		35778DFF2AA0C212000E4923 /* Protocols.swift */ = {isa = PBXFileReference; lastKnownFileType = sourcecode.swift; path = Protocols.swift; sourceTree = "<group>"; };
		35778E022AA0C85C000E4923 /* ProductCell.swift */ = {isa = PBXFileReference; lastKnownFileType = sourcecode.swift; path = ProductCell.swift; sourceTree = "<group>"; };
/* End PBXFileReference section */

/* Begin PBXFrameworksBuildPhase section */
		35778DDE2AA09968000E4923 /* Frameworks */ = {
			isa = PBXFrameworksBuildPhase;
			buildActionMask = 2147483647;
			files = (
				355176D92AA5DBA3002D6C7F /* SnapKit in Frameworks */,
			);
			runOnlyForDeploymentPostprocessing = 0;
		};
/* End PBXFrameworksBuildPhase section */

/* Begin PBXGroup section */
		35778DD82AA09968000E4923 = {
			isa = PBXGroup;
			children = (
				35778DE32AA09968000E4923 /* test */,
				35778DE22AA09968000E4923 /* Products */,
				887E6BBD3B2FAD6AEF9EB0FE /* Pods */,
			);
			sourceTree = "<group>";
		};
		35778DE22AA09968000E4923 /* Products */ = {
			isa = PBXGroup;
			children = (
				35778DE12AA09968000E4923 /* test.app */,
			);
			name = Products;
			sourceTree = "<group>";
		};
		35778DE32AA09968000E4923 /* test */ = {
			isa = PBXGroup;
			children = (
				35778DE42AA09968000E4923 /* AppDelegate.swift */,
				35778DE62AA09968000E4923 /* SceneDelegate.swift */,
				35778DE82AA09968000E4923 /* ViewController.swift */,
				35778DFA2AA0C14C000E4923 /* MVP */,
				35778DEA2AA09968000E4923 /* Main.storyboard */,
				35778DED2AA0996A000E4923 /* Assets.xcassets */,
				35778DEF2AA0996A000E4923 /* LaunchScreen.storyboard */,
				35778DF22AA0996A000E4923 /* Info.plist */,
			);
			path = test;
			sourceTree = "<group>";
		};
		35778DFA2AA0C14C000E4923 /* MVP */ = {
			isa = PBXGroup;
			children = (
				35778E012AA0C842000E4923 /* Cells */,
				35778DF82AA09A6B000E4923 /* BottomSheetViewController.swift */,
				35778DFB2AA0C15C000E4923 /* BottomSheetViewModel.swift */,
				35778DFD2AA0C1B2000E4923 /* BottomSheetViewPresenter.swift */,
				35778DFF2AA0C212000E4923 /* Protocols.swift */,
			);
			path = MVP;
			sourceTree = "<group>";
		};
		35778E012AA0C842000E4923 /* Cells */ = {
			isa = PBXGroup;
			children = (
				35778E022AA0C85C000E4923 /* ProductCell.swift */,
			);
			path = Cells;
			sourceTree = "<group>";
		};
		887E6BBD3B2FAD6AEF9EB0FE /* Pods */ = {
			isa = PBXGroup;
			children = (
			);
			path = Pods;
			sourceTree = "<group>";
		};
/* End PBXGroup section */

/* Begin PBXNativeTarget section */
		35778DE02AA09968000E4923 /* test */ = {
			isa = PBXNativeTarget;
			buildConfigurationList = 35778DF52AA0996A000E4923 /* Build configuration list for PBXNativeTarget "test" */;
			buildPhases = (
				35778DDD2AA09968000E4923 /* Sources */,
				35778DDE2AA09968000E4923 /* Frameworks */,
				35778DDF2AA09968000E4923 /* Resources */,
			);
			buildRules = (
			);
			dependencies = (
			);
			name = test;
			packageProductDependencies = (
				355176D82AA5DBA3002D6C7F /* SnapKit */,
			);
			productName = test;
			productReference = 35778DE12AA09968000E4923 /* test.app */;
			productType = "com.apple.product-type.application";
		};
/* End PBXNativeTarget section */

/* Begin PBXProject section */
		35778DD92AA09968000E4923 /* Project object */ = {
			isa = PBXProject;
			attributes = {
				BuildIndependentTargetsInParallel = 1;
				LastSwiftUpdateCheck = 1430;
				LastUpgradeCheck = 1430;
				TargetAttributes = {
					35778DE02AA09968000E4923 = {
						CreatedOnToolsVersion = 14.3.1;
					};
				};
			};
			buildConfigurationList = 35778DDC2AA09968000E4923 /* Build configuration list for PBXProject "test" */;
			compatibilityVersion = "Xcode 14.0";
			developmentRegion = en;
			hasScannedForEncodings = 0;
			knownRegions = (
				en,
				Base,
			);
			mainGroup = 35778DD82AA09968000E4923;
			packageReferences = (
				355176D72AA5DBA3002D6C7F /* XCRemoteSwiftPackageReference "SnapKit" */,
			);
			productRefGroup = 35778DE22AA09968000E4923 /* Products */;
			projectDirPath = "";
			projectRoot = "";
			targets = (
				35778DE02AA09968000E4923 /* test */,
			);
		};
/* End PBXProject section */

/* Begin PBXResourcesBuildPhase section */
		35778DDF2AA09968000E4923 /* Resources */ = {
			isa = PBXResourcesBuildPhase;
			buildActionMask = 2147483647;
			files = (
				35778DF12AA0996A000E4923 /* LaunchScreen.storyboard in Resources */,
				35778DEE2AA0996A000E4923 /* Assets.xcassets in Resources */,
				35778DEC2AA09968000E4923 /* Main.storyboard in Resources */,
			);
			runOnlyForDeploymentPostprocessing = 0;
		};
/* End PBXResourcesBuildPhase section */

/* Begin PBXSourcesBuildPhase section */
		35778DDD2AA09968000E4923 /* Sources */ = {
			isa = PBXSourcesBuildPhase;
			buildActionMask = 2147483647;
			files = (
				35778DFE2AA0C1B2000E4923 /* BottomSheetViewPresenter.swift in Sources */,
				35778DFC2AA0C15C000E4923 /* BottomSheetViewModel.swift in Sources */,
				35778E002AA0C212000E4923 /* Protocols.swift in Sources */,
				35778DE92AA09968000E4923 /* ViewController.swift in Sources */,
				35778DF92AA09A6B000E4923 /* BottomSheetViewController.swift in Sources */,
				35778E032AA0C85C000E4923 /* ProductCell.swift in Sources */,
				35778DE52AA09968000E4923 /* AppDelegate.swift in Sources */,
				35778DE72AA09968000E4923 /* SceneDelegate.swift in Sources */,
			);
			runOnlyForDeploymentPostprocessing = 0;
		};
/* End PBXSourcesBuildPhase section */

/* Begin PBXVariantGroup section */
		35778DEA2AA09968000E4923 /* Main.storyboard */ = {
			isa = PBXVariantGroup;
			children = (
				35778DEB2AA09968000E4923 /* Base */,
			);
			name = Main.storyboard;
			sourceTree = "<group>";
		};
		35778DEF2AA0996A000E4923 /* LaunchScreen.storyboard */ = {
			isa = PBXVariantGroup;
			children = (
				35778DF02AA0996A000E4923 /* Base */,
			);
			name = LaunchScreen.storyboard;
			sourceTree = "<group>";
		};
/* End PBXVariantGroup section */

/* Begin XCBuildConfiguration section */
		35778DF32AA0996A000E4923 /* Debug */ = {
			isa = XCBuildConfiguration;
			buildSettings = {
				ALWAYS_SEARCH_USER_PATHS = NO;
				CLANG_ANALYZER_NONNULL = YES;
				CLANG_ANALYZER_NUMBER_OBJECT_CONVERSION = YES_AGGRESSIVE;
				CLANG_CXX_LANGUAGE_STANDARD = "gnu++20";
				CLANG_ENABLE_MODULES = YES;
				CLANG_ENABLE_OBJC_ARC = YES;
				CLANG_ENABLE_OBJC_WEAK = YES;
				CLANG_WARN_BLOCK_CAPTURE_AUTORELEASING = YES;
				CLANG_WARN_BOOL_CONVERSION = YES;
				CLANG_WARN_COMMA = YES;
				CLANG_WARN_CONSTANT_CONVERSION = YES;
				CLANG_WARN_DEPRECATED_OBJC_IMPLEMENTATIONS = YES;
				CLANG_WARN_DIRECT_OBJC_ISA_USAGE = YES_ERROR;
				CLANG_WARN_DOCUMENTATION_COMMENTS = YES;
				CLANG_WARN_EMPTY_BODY = YES;
				CLANG_WARN_ENUM_CONVERSION = YES;
				CLANG_WARN_INFINITE_RECURSION = YES;
				CLANG_WARN_INT_CONVERSION = YES;
				CLANG_WARN_NON_LITERAL_NULL_CONVERSION = YES;
				CLANG_WARN_OBJC_IMPLICIT_RETAIN_SELF = YES;
				CLANG_WARN_OBJC_LITERAL_CONVERSION = YES;
				CLANG_WARN_OBJC_ROOT_CLASS = YES_ERROR;
				CLANG_WARN_QUOTED_INCLUDE_IN_FRAMEWORK_HEADER = YES;
				CLANG_WARN_RANGE_LOOP_ANALYSIS = YES;
				CLANG_WARN_STRICT_PROTOTYPES = YES;
				CLANG_WARN_SUSPICIOUS_MOVE = YES;
				CLANG_WARN_UNGUARDED_AVAILABILITY = YES_AGGRESSIVE;
				CLANG_WARN_UNREACHABLE_CODE = YES;
				CLANG_WARN__DUPLICATE_METHOD_MATCH = YES;
				COPY_PHASE_STRIP = NO;
				DEBUG_INFORMATION_FORMAT = dwarf;
				ENABLE_STRICT_OBJC_MSGSEND = YES;
				ENABLE_TESTABILITY = YES;
				GCC_C_LANGUAGE_STANDARD = gnu11;
				GCC_DYNAMIC_NO_PIC = NO;
				GCC_NO_COMMON_BLOCKS = YES;
				GCC_OPTIMIZATION_LEVEL = 0;
				GCC_PREPROCESSOR_DEFINITIONS = (
					"DEBUG=1",
					"$(inherited)",
				);
				GCC_WARN_64_TO_32_BIT_CONVERSION = YES;
				GCC_WARN_ABOUT_RETURN_TYPE = YES_ERROR;
				GCC_WARN_UNDECLARED_SELECTOR = YES;
				GCC_WARN_UNINITIALIZED_AUTOS = YES_AGGRESSIVE;
				GCC_WARN_UNUSED_FUNCTION = YES;
				GCC_WARN_UNUSED_VARIABLE = YES;
				IPHONEOS_DEPLOYMENT_TARGET = 16.4;
				MTL_ENABLE_DEBUG_INFO = INCLUDE_SOURCE;
				MTL_FAST_MATH = YES;
				ONLY_ACTIVE_ARCH = YES;
				SDKROOT = iphoneos;
				SWIFT_ACTIVE_COMPILATION_CONDITIONS = DEBUG;
				SWIFT_OPTIMIZATION_LEVEL = "-Onone";
			};
			name = Debug;
		};
		35778DF42AA0996A000E4923 /* Release */ = {
			isa = XCBuildConfiguration;
			buildSettings = {
				ALWAYS_SEARCH_USER_PATHS = NO;
				CLANG_ANALYZER_NONNULL = YES;
				CLANG_ANALYZER_NUMBER_OBJECT_CONVERSION = YES_AGGRESSIVE;
				CLANG_CXX_LANGUAGE_STANDARD = "gnu++20";
				CLANG_ENABLE_MODULES = YES;
				CLANG_ENABLE_OBJC_ARC = YES;
				CLANG_ENABLE_OBJC_WEAK = YES;
				CLANG_WARN_BLOCK_CAPTURE_AUTORELEASING = YES;
				CLANG_WARN_BOOL_CONVERSION = YES;
				CLANG_WARN_COMMA = YES;
				CLANG_WARN_CONSTANT_CONVERSION = YES;
				CLANG_WARN_DEPRECATED_OBJC_IMPLEMENTATIONS = YES;
				CLANG_WARN_DIRECT_OBJC_ISA_USAGE = YES_ERROR;
				CLANG_WARN_DOCUMENTATION_COMMENTS = YES;
				CLANG_WARN_EMPTY_BODY = YES;
				CLANG_WARN_ENUM_CONVERSION = YES;
				CLANG_WARN_INFINITE_RECURSION = YES;
				CLANG_WARN_INT_CONVERSION = YES;
				CLANG_WARN_NON_LITERAL_NULL_CONVERSION = YES;
				CLANG_WARN_OBJC_IMPLICIT_RETAIN_SELF = YES;
				CLANG_WARN_OBJC_LITERAL_CONVERSION = YES;
				CLANG_WARN_OBJC_ROOT_CLASS = YES_ERROR;
				CLANG_WARN_QUOTED_INCLUDE_IN_FRAMEWORK_HEADER = YES;
				CLANG_WARN_RANGE_LOOP_ANALYSIS = YES;
				CLANG_WARN_STRICT_PROTOTYPES = YES;
				CLANG_WARN_SUSPICIOUS_MOVE = YES;
				CLANG_WARN_UNGUARDED_AVAILABILITY = YES_AGGRESSIVE;
				CLANG_WARN_UNREACHABLE_CODE = YES;
				CLANG_WARN__DUPLICATE_METHOD_MATCH = YES;
				COPY_PHASE_STRIP = NO;
				DEBUG_INFORMATION_FORMAT = "dwarf-with-dsym";
				ENABLE_NS_ASSERTIONS = NO;
				ENABLE_STRICT_OBJC_MSGSEND = YES;
				GCC_C_LANGUAGE_STANDARD = gnu11;
				GCC_NO_COMMON_BLOCKS = YES;
				GCC_WARN_64_TO_32_BIT_CONVERSION = YES;
				GCC_WARN_ABOUT_RETURN_TYPE = YES_ERROR;
				GCC_WARN_UNDECLARED_SELECTOR = YES;
				GCC_WARN_UNINITIALIZED_AUTOS = YES_AGGRESSIVE;
				GCC_WARN_UNUSED_FUNCTION = YES;
				GCC_WARN_UNUSED_VARIABLE = YES;
				IPHONEOS_DEPLOYMENT_TARGET = 16.4;
				MTL_ENABLE_DEBUG_INFO = NO;
				MTL_FAST_MATH = YES;
				SDKROOT = iphoneos;
				SWIFT_COMPILATION_MODE = wholemodule;
				SWIFT_OPTIMIZATION_LEVEL = "-O";
				VALIDATE_PRODUCT = YES;
			};
			name = Release;
		};
		35778DF62AA0996A000E4923 /* Debug */ = {
			isa = XCBuildConfiguration;
			buildSettings = {
				ASSETCATALOG_COMPILER_APPICON_NAME = AppIcon;
				ASSETCATALOG_COMPILER_GLOBAL_ACCENT_COLOR_NAME = AccentColor;
				CODE_SIGN_STYLE = Automatic;
				CURRENT_PROJECT_VERSION = 1;
				DEVELOPMENT_TEAM = R37S426U66;
				GENERATE_INFOPLIST_FILE = YES;
				INFOPLIST_FILE = test/Info.plist;
				INFOPLIST_KEY_UIApplicationSupportsIndirectInputEvents = YES;
				INFOPLIST_KEY_UILaunchStoryboardName = LaunchScreen;
				INFOPLIST_KEY_UIMainStoryboardFile = Main;
				INFOPLIST_KEY_UISupportedInterfaceOrientations_iPad = "UIInterfaceOrientationPortrait UIInterfaceOrientationPortraitUpsideDown UIInterfaceOrientationLandscapeLeft UIInterfaceOrientationLandscapeRight";
				INFOPLIST_KEY_UISupportedInterfaceOrientations_iPhone = "UIInterfaceOrientationPortrait UIInterfaceOrientationLandscapeLeft UIInterfaceOrientationLandscapeRight";
				LD_RUNPATH_SEARCH_PATHS = (
					"$(inherited)",
					"@executable_path/Frameworks",
				);
				MARKETING_VERSION = 1.0;
				PRODUCT_BUNDLE_IDENTIFIER = volnikov.test;
				PRODUCT_NAME = "$(TARGET_NAME)";
				SWIFT_EMIT_LOC_STRINGS = YES;
				SWIFT_VERSION = 5.0;
				TARGETED_DEVICE_FAMILY = "1,2";
			};
			name = Debug;
		};
		35778DF72AA0996A000E4923 /* Release */ = {
			isa = XCBuildConfiguration;
			buildSettings = {
				ASSETCATALOG_COMPILER_APPICON_NAME = AppIcon;
				ASSETCATALOG_COMPILER_GLOBAL_ACCENT_COLOR_NAME = AccentColor;
				CODE_SIGN_STYLE = Automatic;
				CURRENT_PROJECT_VERSION = 1;
				DEVELOPMENT_TEAM = R37S426U66;
				GENERATE_INFOPLIST_FILE = YES;
				INFOPLIST_FILE = test/Info.plist;
				INFOPLIST_KEY_UIApplicationSupportsIndirectInputEvents = YES;
				INFOPLIST_KEY_UILaunchStoryboardName = LaunchScreen;
				INFOPLIST_KEY_UIMainStoryboardFile = Main;
				INFOPLIST_KEY_UISupportedInterfaceOrientations_iPad = "UIInterfaceOrientationPortrait UIInterfaceOrientationPortraitUpsideDown UIInterfaceOrientationLandscapeLeft UIInterfaceOrientationLandscapeRight";
				INFOPLIST_KEY_UISupportedInterfaceOrientations_iPhone = "UIInterfaceOrientationPortrait UIInterfaceOrientationLandscapeLeft UIInterfaceOrientationLandscapeRight";
				LD_RUNPATH_SEARCH_PATHS = (
					"$(inherited)",
					"@executable_path/Frameworks",
				);
				MARKETING_VERSION = 1.0;
				PRODUCT_BUNDLE_IDENTIFIER = volnikov.test;
				PRODUCT_NAME = "$(TARGET_NAME)";
				SWIFT_EMIT_LOC_STRINGS = YES;
				SWIFT_VERSION = 5.0;
				TARGETED_DEVICE_FAMILY = "1,2";
			};
			name = Release;
		};
/* End XCBuildConfiguration section */

/* Begin XCConfigurationList section */
		35778DDC2AA09968000E4923 /* Build configuration list for PBXProject "test" */ = {
			isa = XCConfigurationList;
			buildConfigurations = (
				35778DF32AA0996A000E4923 /* Debug */,
				35778DF42AA0996A000E4923 /* Release */,
			);
			defaultConfigurationIsVisible = 0;
			defaultConfigurationName = Release;
		};
		35778DF52AA0996A000E4923 /* Build configuration list for PBXNativeTarget "test" */ = {
			isa = XCConfigurationList;
			buildConfigurations = (
				35778DF62AA0996A000E4923 /* Debug */,
				35778DF72AA0996A000E4923 /* Release */,
			);
			defaultConfigurationIsVisible = 0;
			defaultConfigurationName = Release;
		};
/* End XCConfigurationList section */

/* Begin XCRemoteSwiftPackageReference section */
		355176D72AA5DBA3002D6C7F /* XCRemoteSwiftPackageReference "SnapKit" */ = {
			isa = XCRemoteSwiftPackageReference;
			repositoryURL = "https://github.com/SnapKit/SnapKit.git";
			requirement = {
				kind = upToNextMajorVersion;
				minimumVersion = 5.0.0;
			};
		};
/* End XCRemoteSwiftPackageReference section */

/* Begin XCSwiftPackageProductDependency section */
		355176D82AA5DBA3002D6C7F /* SnapKit */ = {
			isa = XCSwiftPackageProductDependency;
			package = 355176D72AA5DBA3002D6C7F /* XCRemoteSwiftPackageReference "SnapKit" */;
			productName = SnapKit;
		};
/* End XCSwiftPackageProductDependency section */
	};
	rootObject = 35778DD92AA09968000E4923 /* Project object */;
}
